
Microsoft Visual Studio Solution File, Format Version 12.00
# Visual Studio Version 17
VisualStudioVersion = 17.8.34330.188
MinimumVisualStudioVersion = 10.0.40219.1
Project("{8BC9CEB8-8B4A-11D0-8D11-00A0C91BC942}") = "Course", "Course\Course.vcxproj", "{3F40416E-84F5-41CA-BD42-1A1FAAB42AF9}"
EndProject
Global
	GlobalSection(SolutionConfigurationPlatforms) = preSolution
		Debug|x64 = Debug|x64
		Debug|x86 = Debug|x86
		Release|x64 = Release|x64
		Release|x86 = Release|x86
	EndGlobalSection
	GlobalSection(ProjectConfigurationPlatforms) = postSolution
		{3F40416E-84F5-41CA-BD42-1A1FAAB42AF9}.Debug|x64.ActiveCfg = Debug|x64
		{3F40416E-84F5-41CA-BD42-1A1FAAB42AF9}.Debug|x64.Build.0 = Debug|x64
		{3F40416E-84F5-41CA-BD42-1A1FAAB42AF9}.Debug|x86.ActiveCfg = Debug|Win32
		{3F40416E-84F5-41CA-BD42-1A1FAAB42AF9}.Debug|x86.Build.0 = Debug|Win32
		{3F40416E-84F5-41CA-BD42-1A1FAAB42AF9}.Release|x64.ActiveCfg = Release|x64
		{3F40416E-84F5-41CA-BD42-1A1FAAB42AF9}.Release|x64.Build.0 = Release|x64
		{3F40416E-84F5-41CA-BD42-1A1FAAB42AF9}.Release|x86.ActiveCfg = Release|Win32
		{3F40416E-84F5-41CA-BD42-1A1FAAB42AF9}.Release|x86.Build.0 = Release|Win32
	EndGlobalSection
	GlobalSection(SolutionProperties) = preSolution
		HideSolutionNode = FALSE
	EndGlobalSection
	GlobalSection(ExtensibilityGlobals) = postSolution
		SolutionGuid = {D1F84C9B-DDEF-4D29-922E-C5FB24960245}
	EndGlobalSection
EndGlobal
